// !$*UTF8*$!
{
	archiveVersion = 1;
	classes = {
	};
	objectVersion = 46;
	objects = {

/* Begin PBXBuildFile section */
		943F488215A681B5008AA02A /* Foundation.framework in Frameworks */ = {isa = PBXBuildFile; fileRef = 943F488115A681B5008AA02A /* Foundation.framework */; };
		943F488815A681B5008AA02A /* SpeexKit.m in Sources */ = {isa = PBXBuildFile; fileRef = 943F488715A681B5008AA02A /* SpeexKit.m */; };
		943F489015A681B5008AA02A /* SenTestingKit.framework in Frameworks */ = {isa = PBXBuildFile; fileRef = 943F488F15A681B5008AA02A /* SenTestingKit.framework */; };
		943F489215A681B5008AA02A /* UIKit.framework in Frameworks */ = {isa = PBXBuildFile; fileRef = 943F489115A681B5008AA02A /* UIKit.framework */; };
		943F489315A681B5008AA02A /* Foundation.framework in Frameworks */ = {isa = PBXBuildFile; fileRef = 943F488115A681B5008AA02A /* Foundation.framework */; };
		943F489615A681B5008AA02A /* libSpeexKit.a in Frameworks */ = {isa = PBXBuildFile; fileRef = 943F487E15A681B5008AA02A /* libSpeexKit.a */; };
		943F489C15A681B6008AA02A /* InfoPlist.strings in Resources */ = {isa = PBXBuildFile; fileRef = 943F489A15A681B6008AA02A /* InfoPlist.strings */; };
		943F489F15A681B6008AA02A /* SpeexKitTests.m in Sources */ = {isa = PBXBuildFile; fileRef = 943F489E15A681B6008AA02A /* SpeexKitTests.m */; };
/* End PBXBuildFile section */

/* Begin PBXContainerItemProxy section */
		943F489415A681B5008AA02A /* PBXContainerItemProxy */ = {
			isa = PBXContainerItemProxy;
			containerPortal = 943F487515A681B4008AA02A /* Project object */;
			proxyType = 1;
			remoteGlobalIDString = 943F487D15A681B5008AA02A;
			remoteInfo = SpeexKit;
		};
/* End PBXContainerItemProxy section */

/* Begin PBXFileReference section */
		943F487E15A681B5008AA02A /* libSpeexKit.a */ = {isa = PBXFileReference; explicitFileType = archive.ar; includeInIndex = 0; path = libSpeexKit.a; sourceTree = BUILT_PRODUCTS_DIR; };
		943F488115A681B5008AA02A /* Foundation.framework */ = {isa = PBXFileReference; lastKnownFileType = wrapper.framework; name = Foundation.framework; path = System/Library/Frameworks/Foundation.framework; sourceTree = SDKROOT; };
		943F488515A681B5008AA02A /* SpeexKit-Prefix.pch */ = {isa = PBXFileReference; path = "SpeexKit-Prefix.pch"; sourceTree = "<group>"; };
		943F488615A681B5008AA02A /* SpeexKit.h */ = {isa = PBXFileReference; path = SpeexKit.h; sourceTree = "<group>"; };
		943F488715A681B5008AA02A /* SpeexKit.m */ = {isa = PBXFileReference; lastKnownFileType = sourcecode.c.objc; path = SpeexKit.m; sourceTree = "<group>"; };
		943F488E15A681B5008AA02A /* SpeexKitTests.octest */ = {isa = PBXFileReference; explicitFileType = wrapper.cfbundle; includeInIndex = 0; path = SpeexKitTests.octest; sourceTree = BUILT_PRODUCTS_DIR; };
		943F488F15A681B5008AA02A /* SenTestingKit.framework */ = {isa = PBXFileReference; lastKnownFileType = wrapper.framework; name = SenTestingKit.framework; path = Library/Frameworks/SenTestingKit.framework; sourceTree = DEVELOPER_DIR; };
		943F489115A681B5008AA02A /* UIKit.framework */ = {isa = PBXFileReference; lastKnownFileType = wrapper.framework; name = UIKit.framework; path = Library/Frameworks/UIKit.framework; sourceTree = DEVELOPER_DIR; };
		943F489915A681B6008AA02A /* SpeexKitTests-Info.plist */ = {isa = PBXFileReference; path = "SpeexKitTests-Info.plist"; sourceTree = "<group>"; };
		943F489B15A681B6008AA02A /* en */ = {isa = PBXFileReference; lastKnownFileType = text.plist.strings; name = en; path = en.lproj/InfoPlist.strings; sourceTree = "<group>"; };
		943F489D15A681B6008AA02A /* SpeexKitTests.h */ = {isa = PBXFileReference; path = SpeexKitTests.h; sourceTree = "<group>"; };
		943F489E15A681B6008AA02A /* SpeexKitTests.m */ = {isa = PBXFileReference; lastKnownFileType = sourcecode.c.objc; path = SpeexKitTests.m; sourceTree = "<group>"; };
/* End PBXFileReference section */

/* Begin PBXFrameworksBuildPhase section */
		943F487B15A681B5008AA02A /* Frameworks */ = {
			isa = PBXFrameworksBuildPhase;
			buildActionMask = 2147483647;
			files = (
				943F488215A681B5008AA02A /* Foundation.framework in Frameworks */,
			);
			runOnlyForDeploymentPostprocessing = 0;
		};
		943F488A15A681B5008AA02A /* Frameworks */ = {
			isa = PBXFrameworksBuildPhase;
			buildActionMask = 2147483647;
			files = (
				943F489015A681B5008AA02A /* SenTestingKit.framework in Frameworks */,
				943F489215A681B5008AA02A /* UIKit.framework in Frameworks */,
				943F489315A681B5008AA02A /* Foundation.framework in Frameworks */,
				943F489615A681B5008AA02A /* libSpeexKit.a in Frameworks */,
			);
			runOnlyForDeploymentPostprocessing = 0;
		};
/* End PBXFrameworksBuildPhase section */

/* Begin PBXGroup section */
		943F487315A681B4008AA02A = {
			isa = PBXGroup;
			children = (
				943F488315A681B5008AA02A /* SpeexKit */,
				943F489715A681B5008AA02A /* SpeexKitTests */,
				943F488015A681B5008AA02A /* Frameworks */,
				943F487F15A681B5008AA02A /* Products */,
			);
			sourceTree = "<group>";
		};
		943F487F15A681B5008AA02A /* Products */ = {
			isa = PBXGroup;
			children = (
				943F487E15A681B5008AA02A /* libSpeexKit.a */,
				943F488E15A681B5008AA02A /* SpeexKitTests.octest */,
			);
			name = Products;
			sourceTree = "<group>";
		};
		943F488015A681B5008AA02A /* Frameworks */ = {
			isa = PBXGroup;
			children = (
				943F488115A681B5008AA02A /* Foundation.framework */,
				943F488F15A681B5008AA02A /* SenTestingKit.framework */,
				943F489115A681B5008AA02A /* UIKit.framework */,
			);
			name = Frameworks;
			sourceTree = "<group>";
		};
		943F488315A681B5008AA02A /* SpeexKit */ = {
			isa = PBXGroup;
			children = (
				943F488615A681B5008AA02A /* SpeexKit.h */,
				943F488715A681B5008AA02A /* SpeexKit.m */,
				943F488415A681B5008AA02A /* Supporting Files */,
			);
			path = SpeexKit;
			sourceTree = "<group>";
		};
		943F488415A681B5008AA02A /* Supporting Files */ = {
			isa = PBXGroup;
			children = (
				943F488515A681B5008AA02A /* SpeexKit-Prefix.pch */,
			);
			name = "Supporting Files";
			sourceTree = "<group>";
		};
		943F489715A681B5008AA02A /* SpeexKitTests */ = {
			isa = PBXGroup;
			children = (
				943F489D15A681B6008AA02A /* SpeexKitTests.h */,
				943F489E15A681B6008AA02A /* SpeexKitTests.m */,
				943F489815A681B6008AA02A /* Supporting Files */,
			);
			path = SpeexKitTests;
			sourceTree = "<group>";
		};
		943F489815A681B6008AA02A /* Supporting Files */ = {
			isa = PBXGroup;
			children = (
				943F489915A681B6008AA02A /* SpeexKitTests-Info.plist */,
				943F489A15A681B6008AA02A /* InfoPlist.strings */,
			);
			name = "Supporting Files";
			sourceTree = "<group>";
		};
/* End PBXGroup section */

/* Begin PBXHeadersBuildPhase section */
		943F487C15A681B5008AA02A /* Headers */ = {
			isa = PBXHeadersBuildPhase;
			buildActionMask = 2147483647;
			files = (
			);
			runOnlyForDeploymentPostprocessing = 0;
		};
/* End PBXHeadersBuildPhase section */

/* Begin PBXNativeTarget section */
		943F487D15A681B5008AA02A /* SpeexKit */ = {
			isa = PBXNativeTarget;
			buildConfigurationList = 943F48A215A681B6008AA02A /* Build configuration list for PBXNativeTarget "SpeexKit" */;
			buildPhases = (
				943F487A15A681B5008AA02A /* Sources */,
				943F487B15A681B5008AA02A /* Frameworks */,
				943F487C15A681B5008AA02A /* Headers */,
			);
			buildRules = (
			);
			dependencies = (
			);
			name = SpeexKit;
			productName = SpeexKit;
			productReference = 943F487E15A681B5008AA02A /* libSpeexKit.a */;
			productType = "com.apple.product-type.library.static";
		};
		943F488D15A681B5008AA02A /* SpeexKitTests */ = {
			isa = PBXNativeTarget;
			buildConfigurationList = 943F48A515A681B6008AA02A /* Build configuration list for PBXNativeTarget "SpeexKitTests" */;
			buildPhases = (
				943F488915A681B5008AA02A /* Sources */,
				943F488A15A681B5008AA02A /* Frameworks */,
				943F488B15A681B5008AA02A /* Resources */,
				943F488C15A681B5008AA02A /* ShellScript */,
			);
			buildRules = (
			);
			dependencies = (
				943F489515A681B5008AA02A /* PBXTargetDependency */,
			);
			name = SpeexKitTests;
			productName = SpeexKitTests;
			productReference = 943F488E15A681B5008AA02A /* SpeexKitTests.octest */;
			productType = "com.apple.product-type.bundle";
		};
/* End PBXNativeTarget section */

/* Begin PBXProject section */
		943F487515A681B4008AA02A /* Project object */ = {
			isa = PBXProject;
			attributes = {
				LastUpgradeCheck = 0430;
			};
			buildConfigurationList = 943F487815A681B4008AA02A /* Build configuration list for PBXProject "SpeexKit" */;
			compatibilityVersion = "Xcode 3.2";
			developmentRegion = English;
			hasScannedForEncodings = 0;
			knownRegions = (
				en,
			);
			mainGroup = 943F487315A681B4008AA02A;
			productRefGroup = 943F487F15A681B5008AA02A /* Products */;
			projectDirPath = "";
			projectRoot = "";
			targets = (
				943F487D15A681B5008AA02A /* SpeexKit */,
				943F488D15A681B5008AA02A /* SpeexKitTests */,
			);
		};
/* End PBXProject section */

/* Begin PBXResourcesBuildPhase section */
		943F488B15A681B5008AA02A /* Resources */ = {
			isa = PBXResourcesBuildPhase;
			buildActionMask = 2147483647;
			files = (
				943F489C15A681B6008AA02A /* InfoPlist.strings in Resources */,
			);
			runOnlyForDeploymentPostprocessing = 0;
		};
/* End PBXResourcesBuildPhase section */

/* Begin PBXShellScriptBuildPhase section */
		943F488C15A681B5008AA02A /* ShellScript */ = {
			isa = PBXShellScriptBuildPhase;
			buildActionMask = 2147483647;
			files = (
			);
			inputPaths = (
			);
			outputPaths = (
			);
			runOnlyForDeploymentPostprocessing = 0;
			shellPath = /bin/sh;
			shellScript = "# Run the unit tests in this test bundle.\n\"${SYSTEM_DEVELOPER_DIR}/Tools/RunUnitTests\"\n";
		};
/* End PBXShellScriptBuildPhase section */

/* Begin PBXSourcesBuildPhase section */
		943F487A15A681B5008AA02A /* Sources */ = {
			isa = PBXSourcesBuildPhase;
			buildActionMask = 2147483647;
			files = (
				943F488815A681B5008AA02A /* SpeexKit.m in Sources */,
			);
			runOnlyForDeploymentPostprocessing = 0;
		};
		943F488915A681B5008AA02A /* Sources */ = {
			isa = PBXSourcesBuildPhase;
			buildActionMask = 2147483647;
			files = (
				943F489F15A681B6008AA02A /* SpeexKitTests.m in Sources */,
			);
			runOnlyForDeploymentPostprocessing = 0;
		};
/* End PBXSourcesBuildPhase section */

/* Begin PBXTargetDependency section */
		943F489515A681B5008AA02A /* PBXTargetDependency */ = {
			isa = PBXTargetDependency;
			target = 943F487D15A681B5008AA02A /* SpeexKit */;
			targetProxy = 943F489415A681B5008AA02A /* PBXContainerItemProxy */;
		};
/* End PBXTargetDependency section */

/* Begin PBXVariantGroup section */
		943F489A15A681B6008AA02A /* InfoPlist.strings */ = {
			isa = PBXVariantGroup;
			children = (
				943F489B15A681B6008AA02A /* en */,
			);
			name = InfoPlist.strings;
			sourceTree = "<group>";
		};
/* End PBXVariantGroup section */

/* Begin XCBuildConfiguration section */
		943F48A015A681B6008AA02A /* Debug */ = {
			isa = XCBuildConfiguration;
			buildSettings = {
				ALWAYS_SEARCH_USER_PATHS = NO;
				ARCHS = "$(ARCHS_STANDARD_32_BIT)";
				COPY_PHASE_STRIP = NO;
				GCC_C_LANGUAGE_STANDARD = gnu99;
				GCC_DYNAMIC_NO_PIC = NO;
				GCC_OPTIMIZATION_LEVEL = 0;
				GCC_PREPROCESSOR_DEFINITIONS = (
					"DEBUG=1",
					"$(inherited)",
				);
				GCC_SYMBOLS_PRIVATE_EXTERN = NO;
				GCC_VERSION = com.apple.compilers.llvm.clang.1_0;
				GCC_WARN_ABOUT_RETURN_TYPE = YES;
				GCC_WARN_UNINITIALIZED_AUTOS = YES;
				GCC_WARN_UNUSED_VARIABLE = YES;
				IPHONEOS_DEPLOYMENT_TARGET = 5.1;
				SDKROOT = iphoneos;
			};
			name = Debug;
		};
		943F48A115A681B6008AA02A /* Release */ = {
			isa = XCBuildConfiguration;
			buildSettings = {
				ALWAYS_SEARCH_USER_PATHS = NO;
				ARCHS = "$(ARCHS_STANDARD_32_BIT)";
				COPY_PHASE_STRIP = YES;
				GCC_C_LANGUAGE_STANDARD = gnu99;
				GCC_VERSION = com.apple.compilers.llvm.clang.1_0;
				GCC_WARN_ABOUT_RETURN_TYPE = YES;
				GCC_WARN_UNINITIALIZED_AUTOS = YES;
				GCC_WARN_UNUSED_VARIABLE = YES;
				IPHONEOS_DEPLOYMENT_TARGET = 5.1;
				SDKROOT = iphoneos;
				VALIDATE_PRODUCT = YES;
			};
			name = Release;
		};
		943F48A315A681B6008AA02A /* Debug */ = {
			isa = XCBuildConfiguration;
			buildSettings = {
				DSTROOT = /tmp/SpeexKit.dst;
				GCC_PRECOMPILE_PREFIX_HEADER = YES;
				GCC_PREFIX_HEADER = "SpeexKit/SpeexKit-Prefix.pch";
				OTHER_LDFLAGS = "-ObjC";
				PRODUCT_NAME = "$(TARGET_NAME)";
				SKIP_INSTALL = YES;
			};
			name = Debug;
		};
		943F48A415A681B6008AA02A /* Release */ = {
			isa = XCBuildConfiguration;
			buildSettings = {
				DSTROOT = /tmp/SpeexKit.dst;
				GCC_PRECOMPILE_PREFIX_HEADER = YES;
				GCC_PREFIX_HEADER = "SpeexKit/SpeexKit-Prefix.pch";
				OTHER_LDFLAGS = "-ObjC";
				PRODUCT_NAME = "$(TARGET_NAME)";
				SKIP_INSTALL = YES;
			};
			name = Release;
		};
		943F48A615A681B6008AA02A /* Debug */ = {
			isa = XCBuildConfiguration;
			buildSettings = {
				FRAMEWORK_SEARCH_PATHS = (
					"$(SDKROOT)/Developer/Library/Frameworks",
					"$(DEVELOPER_LIBRARY_DIR)/Frameworks",
				);
				GCC_PRECOMPILE_PREFIX_HEADER = YES;
				GCC_PREFIX_HEADER = "SpeexKit/SpeexKit-Prefix.pch";
				INFOPLIST_FILE = "SpeexKitTests/SpeexKitTests-Info.plist";
				PRODUCT_NAME = "$(TARGET_NAME)";
				WRAPPER_EXTENSION = octest;
			};
			name = Debug;
		};
		943F48A715A681B6008AA02A /* Release */ = {
			isa = XCBuildConfiguration;
			buildSettings = {
				FRAMEWORK_SEARCH_PATHS = (
					"$(SDKROOT)/Developer/Library/Frameworks",
					"$(DEVELOPER_LIBRARY_DIR)/Frameworks",
				);
				GCC_PRECOMPILE_PREFIX_HEADER = YES;
				GCC_PREFIX_HEADER = "SpeexKit/SpeexKit-Prefix.pch";
				INFOPLIST_FILE = "SpeexKitTests/SpeexKitTests-Info.plist";
				PRODUCT_NAME = "$(TARGET_NAME)";
				WRAPPER_EXTENSION = octest;
			};
			name = Release;
		};
/* End XCBuildConfiguration section */

/* Begin XCConfigurationList section */
		943F487815A681B4008AA02A /* Build configuration list for PBXProject "SpeexKit" */ = {
			isa = XCConfigurationList;
			buildConfigurations = (
				943F48A015A681B6008AA02A /* Debug */,
				943F48A115A681B6008AA02A /* Release */,
			);
			defaultConfigurationIsVisible = 0;
			defaultConfigurationName = Release;
		};
		943F48A215A681B6008AA02A /* Build configuration list for PBXNativeTarget "SpeexKit" */ = {
			isa = XCConfigurationList;
			buildConfigurations = (
				943F48A315A681B6008AA02A /* Debug */,
				943F48A415A681B6008AA02A /* Release */,
			);
			defaultConfigurationIsVisible = 0;
		};
		943F48A515A681B6008AA02A /* Build configuration list for PBXNativeTarget "SpeexKitTests" */ = {
			isa = XCConfigurationList;
			buildConfigurations = (
				943F48A615A681B6008AA02A /* Debug */,
				943F48A715A681B6008AA02A /* Release */,
			);
			defaultConfigurationIsVisible = 0;
		};
/* End XCConfigurationList section */
	};
	rootObject = 943F487515A681B4008AA02A /* Project object */;
}
